
Microsoft Visual Studio Solution File, Format Version 12.00
# Visual Studio 14
VisualStudioVersion = 14.0.25420.1
MinimumVisualStudioVersion = 10.0.40219.1
Project("{FAE04EC0-301F-11D3-BF4B-00C04F79EFBC}") = "App18", "App18\App18\App18.csproj", "{AE1DAEFB-165C-4FCE-8DBB-5337A3A0500B}"
EndProject
Project("{FAE04EC0-301F-11D3-BF4B-00C04F79EFBC}") = "App18.Droid", "App18\App18.Droid\App18.Droid.csproj", "{E1E9D8BF-AB88-45B9-9E21-5CF98AD326D6}"
EndProject
Project("{FAE04EC0-301F-11D3-BF4B-00C04F79EFBC}") = "App18.iOS", "App18\App18.iOS\App18.iOS.csproj", "{EA1B3A1A-9E0F-478F-879B-B3CCB6AFED95}"
EndProject
Project("{FAE04EC0-301F-11D3-BF4B-00C04F79EFBC}") = "App18.WinPhone", "App18\App18.WinPhone\App18.WinPhone.csproj", "{123455FC-A821-4CA6-8D52-952C4ED0B6BE}"
EndProject
Project("{FAE04EC0-301F-11D3-BF4B-00C04F79EFBC}") = "App18.UWP", "App18\App18.UWP\App18.UWP.csproj", "{800699B6-C036-4699-9955-C3F9AFCF2040}"
EndProject
Project("{FAE04EC0-301F-11D3-BF4B-00C04F79EFBC}") = "App18.Windows", "App18\App18.Windows\App18.Windows.csproj", "{F59C3B9A-6622-4015-B300-93CC9CBDF992}"
EndProject
Global
	GlobalSection(SolutionConfigurationPlatforms) = preSolution
		Ad-Hoc|Any CPU = Ad-Hoc|Any CPU
		Ad-Hoc|ARM = Ad-Hoc|ARM
		Ad-Hoc|iPhone = Ad-Hoc|iPhone
		Ad-Hoc|iPhoneSimulator = Ad-Hoc|iPhoneSimulator
		Ad-Hoc|x64 = Ad-Hoc|x64
		Ad-Hoc|x86 = Ad-Hoc|x86
		AppStore|Any CPU = AppStore|Any CPU
		AppStore|ARM = AppStore|ARM
		AppStore|iPhone = AppStore|iPhone
		AppStore|iPhoneSimulator = AppStore|iPhoneSimulator
		AppStore|x64 = AppStore|x64
		AppStore|x86 = AppStore|x86
		Debug|Any CPU = Debug|Any CPU
		Debug|ARM = Debug|ARM
		Debug|iPhone = Debug|iPhone
		Debug|iPhoneSimulator = Debug|iPhoneSimulator
		Debug|x64 = Debug|x64
		Debug|x86 = Debug|x86
		Release|Any CPU = Release|Any CPU
		Release|ARM = Release|ARM
		Release|iPhone = Release|iPhone
		Release|iPhoneSimulator = Release|iPhoneSimulator
		Release|x64 = Release|x64
		Release|x86 = Release|x86
	EndGlobalSection
	GlobalSection(ProjectConfigurationPlatforms) = postSolution
		{AE1DAEFB-165C-4FCE-8DBB-5337A3A0500B}.Ad-Hoc|Any CPU.ActiveCfg = Release|Any CPU
		{AE1DAEFB-165C-4FCE-8DBB-5337A3A0500B}.Ad-Hoc|Any CPU.Build.0 = Release|Any CPU
		{AE1DAEFB-165C-4FCE-8DBB-5337A3A0500B}.Ad-Hoc|ARM.ActiveCfg = Release|Any CPU
		{AE1DAEFB-165C-4FCE-8DBB-5337A3A0500B}.Ad-Hoc|ARM.Build.0 = Release|Any CPU
		{AE1DAEFB-165C-4FCE-8DBB-5337A3A0500B}.Ad-Hoc|iPhone.ActiveCfg = Release|Any CPU
		{AE1DAEFB-165C-4FCE-8DBB-5337A3A0500B}.Ad-Hoc|iPhone.Build.0 = Release|Any CPU
		{AE1DAEFB-165C-4FCE-8DBB-5337A3A0500B}.Ad-Hoc|iPhoneSimulator.ActiveCfg = Release|Any CPU
		{AE1DAEFB-165C-4FCE-8DBB-5337A3A0500B}.Ad-Hoc|iPhoneSimulator.Build.0 = Release|Any CPU
		{AE1DAEFB-165C-4FCE-8DBB-5337A3A0500B}.Ad-Hoc|x64.ActiveCfg = Release|Any CPU
		{AE1DAEFB-165C-4FCE-8DBB-5337A3A0500B}.Ad-Hoc|x64.Build.0 = Release|Any CPU
		{AE1DAEFB-165C-4FCE-8DBB-5337A3A0500B}.Ad-Hoc|x86.ActiveCfg = Release|Any CPU
		{AE1DAEFB-165C-4FCE-8DBB-5337A3A0500B}.Ad-Hoc|x86.Build.0 = Release|Any CPU
		{AE1DAEFB-165C-4FCE-8DBB-5337A3A0500B}.AppStore|Any CPU.ActiveCfg = Release|Any CPU
		{AE1DAEFB-165C-4FCE-8DBB-5337A3A0500B}.AppStore|Any CPU.Build.0 = Release|Any CPU
		{AE1DAEFB-165C-4FCE-8DBB-5337A3A0500B}.AppStore|ARM.ActiveCfg = Release|Any CPU
		{AE1DAEFB-165C-4FCE-8DBB-5337A3A0500B}.AppStore|ARM.Build.0 = Release|Any CPU
		{AE1DAEFB-165C-4FCE-8DBB-5337A3A0500B}.AppStore|iPhone.ActiveCfg = Release|Any CPU
		{AE1DAEFB-165C-4FCE-8DBB-5337A3A0500B}.AppStore|iPhone.Build.0 = Release|Any CPU
		{AE1DAEFB-165C-4FCE-8DBB-5337A3A0500B}.AppStore|iPhoneSimulator.ActiveCfg = Release|Any CPU
		{AE1DAEFB-165C-4FCE-8DBB-5337A3A0500B}.AppStore|iPhoneSimulator.Build.0 = Release|Any CPU
		{AE1DAEFB-165C-4FCE-8DBB-5337A3A0500B}.AppStore|x64.ActiveCfg = Release|Any CPU
		{AE1DAEFB-165C-4FCE-8DBB-5337A3A0500B}.AppStore|x64.Build.0 = Release|Any CPU
		{AE1DAEFB-165C-4FCE-8DBB-5337A3A0500B}.AppStore|x86.ActiveCfg = Release|Any CPU
		{AE1DAEFB-165C-4FCE-8DBB-5337A3A0500B}.AppStore|x86.Build.0 = Release|Any CPU
		{AE1DAEFB-165C-4FCE-8DBB-5337A3A0500B}.Debug|Any CPU.ActiveCfg = Debug|Any CPU
		{AE1DAEFB-165C-4FCE-8DBB-5337A3A0500B}.Debug|Any CPU.Build.0 = Debug|Any CPU
		{AE1DAEFB-165C-4FCE-8DBB-5337A3A0500B}.Debug|ARM.ActiveCfg = Debug|Any CPU
		{AE1DAEFB-165C-4FCE-8DBB-5337A3A0500B}.Debug|ARM.Build.0 = Debug|Any CPU
		{AE1DAEFB-165C-4FCE-8DBB-5337A3A0500B}.Debug|iPhone.ActiveCfg = Debug|Any CPU
		{AE1DAEFB-165C-4FCE-8DBB-5337A3A0500B}.Debug|iPhone.Build.0 = Debug|Any CPU
		{AE1DAEFB-165C-4FCE-8DBB-5337A3A0500B}.Debug|iPhoneSimulator.ActiveCfg = Debug|Any CPU
		{AE1DAEFB-165C-4FCE-8DBB-5337A3A0500B}.Debug|iPhoneSimulator.Build.0 = Debug|Any CPU
		{AE1DAEFB-165C-4FCE-8DBB-5337A3A0500B}.Debug|x64.ActiveCfg = Debug|Any CPU
		{AE1DAEFB-165C-4FCE-8DBB-5337A3A0500B}.Debug|x64.Build.0 = Debug|Any CPU
		{AE1DAEFB-165C-4FCE-8DBB-5337A3A0500B}.Debug|x86.ActiveCfg = Debug|Any CPU
		{AE1DAEFB-165C-4FCE-8DBB-5337A3A0500B}.Debug|x86.Build.0 = Debug|Any CPU
		{AE1DAEFB-165C-4FCE-8DBB-5337A3A0500B}.Release|Any CPU.ActiveCfg = Release|Any CPU
		{AE1DAEFB-165C-4FCE-8DBB-5337A3A0500B}.Release|Any CPU.Build.0 = Release|Any CPU
		{AE1DAEFB-165C-4FCE-8DBB-5337A3A0500B}.Release|ARM.ActiveCfg = Release|Any CPU
		{AE1DAEFB-165C-4FCE-8DBB-5337A3A0500B}.Release|ARM.Build.0 = Release|Any CPU
		{AE1DAEFB-165C-4FCE-8DBB-5337A3A0500B}.Release|iPhone.ActiveCfg = Release|Any CPU
		{AE1DAEFB-165C-4FCE-8DBB-5337A3A0500B}.Release|iPhone.Build.0 = Release|Any CPU
		{AE1DAEFB-165C-4FCE-8DBB-5337A3A0500B}.Release|iPhoneSimulator.ActiveCfg = Release|Any CPU
		{AE1DAEFB-165C-4FCE-8DBB-5337A3A0500B}.Release|iPhoneSimulator.Build.0 = Release|Any CPU
		{AE1DAEFB-165C-4FCE-8DBB-5337A3A0500B}.Release|x64.ActiveCfg = Release|Any CPU
		{AE1DAEFB-165C-4FCE-8DBB-5337A3A0500B}.Release|x64.Build.0 = Release|Any CPU
		{AE1DAEFB-165C-4FCE-8DBB-5337A3A0500B}.Release|x86.ActiveCfg = Release|Any CPU
		{AE1DAEFB-165C-4FCE-8DBB-5337A3A0500B}.Release|x86.Build.0 = Release|Any CPU
		{E1E9D8BF-AB88-45B9-9E21-5CF98AD326D6}.Ad-Hoc|Any CPU.ActiveCfg = Release|Any CPU
		{E1E9D8BF-AB88-45B9-9E21-5CF98AD326D6}.Ad-Hoc|Any CPU.Build.0 = Release|Any CPU
		{E1E9D8BF-AB88-45B9-9E21-5CF98AD326D6}.Ad-Hoc|Any CPU.Deploy.0 = Release|Any CPU
		{E1E9D8BF-AB88-45B9-9E21-5CF98AD326D6}.Ad-Hoc|ARM.ActiveCfg = Release|Any CPU
		{E1E9D8BF-AB88-45B9-9E21-5CF98AD326D6}.Ad-Hoc|ARM.Build.0 = Release|Any CPU
		{E1E9D8BF-AB88-45B9-9E21-5CF98AD326D6}.Ad-Hoc|ARM.Deploy.0 = Release|Any CPU
		{E1E9D8BF-AB88-45B9-9E21-5CF98AD326D6}.Ad-Hoc|iPhone.ActiveCfg = Release|Any CPU
		{E1E9D8BF-AB88-45B9-9E21-5CF98AD326D6}.Ad-Hoc|iPhone.Build.0 = Release|Any CPU
		{E1E9D8BF-AB88-45B9-9E21-5CF98AD326D6}.Ad-Hoc|iPhone.Deploy.0 = Release|Any CPU
		{E1E9D8BF-AB88-45B9-9E21-5CF98AD326D6}.Ad-Hoc|iPhoneSimulator.ActiveCfg = Release|Any CPU
		{E1E9D8BF-AB88-45B9-9E21-5CF98AD326D6}.Ad-Hoc|iPhoneSimulator.Build.0 = Release|Any CPU
		{E1E9D8BF-AB88-45B9-9E21-5CF98AD326D6}.Ad-Hoc|iPhoneSimulator.Deploy.0 = Release|Any CPU
		{E1E9D8BF-AB88-45B9-9E21-5CF98AD326D6}.Ad-Hoc|x64.ActiveCfg = Release|Any CPU
		{E1E9D8BF-AB88-45B9-9E21-5CF98AD326D6}.Ad-Hoc|x64.Build.0 = Release|Any CPU
		{E1E9D8BF-AB88-45B9-9E21-5CF98AD326D6}.Ad-Hoc|x64.Deploy.0 = Release|Any CPU
		{E1E9D8BF-AB88-45B9-9E21-5CF98AD326D6}.Ad-Hoc|x86.ActiveCfg = Release|Any CPU
		{E1E9D8BF-AB88-45B9-9E21-5CF98AD326D6}.Ad-Hoc|x86.Build.0 = Release|Any CPU
		{E1E9D8BF-AB88-45B9-9E21-5CF98AD326D6}.Ad-Hoc|x86.Deploy.0 = Release|Any CPU
		{E1E9D8BF-AB88-45B9-9E21-5CF98AD326D6}.AppStore|Any CPU.ActiveCfg = Release|Any CPU
		{E1E9D8BF-AB88-45B9-9E21-5CF98AD326D6}.AppStore|Any CPU.Build.0 = Release|Any CPU
		{E1E9D8BF-AB88-45B9-9E21-5CF98AD326D6}.AppStore|Any CPU.Deploy.0 = Release|Any CPU
		{E1E9D8BF-AB88-45B9-9E21-5CF98AD326D6}.AppStore|ARM.ActiveCfg = Release|Any CPU
		{E1E9D8BF-AB88-45B9-9E21-5CF98AD326D6}.AppStore|ARM.Build.0 = Release|Any CPU
		{E1E9D8BF-AB88-45B9-9E21-5CF98AD326D6}.AppStore|ARM.Deploy.0 = Release|Any CPU
		{E1E9D8BF-AB88-45B9-9E21-5CF98AD326D6}.AppStore|iPhone.ActiveCfg = Release|Any CPU
		{E1E9D8BF-AB88-45B9-9E21-5CF98AD326D6}.AppStore|iPhone.Build.0 = Release|Any CPU
		{E1E9D8BF-AB88-45B9-9E21-5CF98AD326D6}.AppStore|iPhone.Deploy.0 = Release|Any CPU
		{E1E9D8BF-AB88-45B9-9E21-5CF98AD326D6}.AppStore|iPhoneSimulator.ActiveCfg = Release|Any CPU
		{E1E9D8BF-AB88-45B9-9E21-5CF98AD326D6}.AppStore|iPhoneSimulator.Build.0 = Release|Any CPU
		{E1E9D8BF-AB88-45B9-9E21-5CF98AD326D6}.AppStore|iPhoneSimulator.Deploy.0 = Release|Any CPU
		{E1E9D8BF-AB88-45B9-9E21-5CF98AD326D6}.AppStore|x64.ActiveCfg = Release|Any CPU
		{E1E9D8BF-AB88-45B9-9E21-5CF98AD326D6}.AppStore|x64.Build.0 = Release|Any CPU
		{E1E9D8BF-AB88-45B9-9E21-5CF98AD326D6}.AppStore|x64.Deploy.0 = Release|Any CPU
		{E1E9D8BF-AB88-45B9-9E21-5CF98AD326D6}.AppStore|x86.ActiveCfg = Release|Any CPU
		{E1E9D8BF-AB88-45B9-9E21-5CF98AD326D6}.AppStore|x86.Build.0 = Release|Any CPU
		{E1E9D8BF-AB88-45B9-9E21-5CF98AD326D6}.AppStore|x86.Deploy.0 = Release|Any CPU
		{E1E9D8BF-AB88-45B9-9E21-5CF98AD326D6}.Debug|Any CPU.ActiveCfg = Debug|Any CPU
		{E1E9D8BF-AB88-45B9-9E21-5CF98AD326D6}.Debug|Any CPU.Build.0 = Debug|Any CPU
		{E1E9D8BF-AB88-45B9-9E21-5CF98AD326D6}.Debug|Any CPU.Deploy.0 = Debug|Any CPU
		{E1E9D8BF-AB88-45B9-9E21-5CF98AD326D6}.Debug|ARM.ActiveCfg = Debug|Any CPU
		{E1E9D8BF-AB88-45B9-9E21-5CF98AD326D6}.Debug|ARM.Build.0 = Debug|Any CPU
		{E1E9D8BF-AB88-45B9-9E21-5CF98AD326D6}.Debug|ARM.Deploy.0 = Debug|Any CPU
		{E1E9D8BF-AB88-45B9-9E21-5CF98AD326D6}.Debug|iPhone.ActiveCfg = Debug|Any CPU
		{E1E9D8BF-AB88-45B9-9E21-5CF98AD326D6}.Debug|iPhone.Build.0 = Debug|Any CPU
		{E1E9D8BF-AB88-45B9-9E21-5CF98AD326D6}.Debug|iPhone.Deploy.0 = Debug|Any CPU
		{E1E9D8BF-AB88-45B9-9E21-5CF98AD326D6}.Debug|iPhoneSimulator.ActiveCfg = Debug|Any CPU
		{E1E9D8BF-AB88-45B9-9E21-5CF98AD326D6}.Debug|iPhoneSimulator.Build.0 = Debug|Any CPU
		{E1E9D8BF-AB88-45B9-9E21-5CF98AD326D6}.Debug|iPhoneSimulator.Deploy.0 = Debug|Any CPU
		{E1E9D8BF-AB88-45B9-9E21-5CF98AD326D6}.Debug|x64.ActiveCfg = Debug|Any CPU
		{E1E9D8BF-AB88-45B9-9E21-5CF98AD326D6}.Debug|x64.Build.0 = Debug|Any CPU
		{E1E9D8BF-AB88-45B9-9E21-5CF98AD326D6}.Debug|x64.Deploy.0 = Debug|Any CPU
		{E1E9D8BF-AB88-45B9-9E21-5CF98AD326D6}.Debug|x86.ActiveCfg = Debug|Any CPU
		{E1E9D8BF-AB88-45B9-9E21-5CF98AD326D6}.Debug|x86.Build.0 = Debug|Any CPU
		{E1E9D8BF-AB88-45B9-9E21-5CF98AD326D6}.Debug|x86.Deploy.0 = Debug|Any CPU
		{E1E9D8BF-AB88-45B9-9E21-5CF98AD326D6}.Release|Any CPU.ActiveCfg = Release|Any CPU
		{E1E9D8BF-AB88-45B9-9E21-5CF98AD326D6}.Release|Any CPU.Build.0 = Release|Any CPU
		{E1E9D8BF-AB88-45B9-9E21-5CF98AD326D6}.Release|Any CPU.Deploy.0 = Release|Any CPU
		{E1E9D8BF-AB88-45B9-9E21-5CF98AD326D6}.Release|ARM.ActiveCfg = Release|Any CPU
		{E1E9D8BF-AB88-45B9-9E21-5CF98AD326D6}.Release|ARM.Build.0 = Release|Any CPU
		{E1E9D8BF-AB88-45B9-9E21-5CF98AD326D6}.Release|ARM.Deploy.0 = Release|Any CPU
		{E1E9D8BF-AB88-45B9-9E21-5CF98AD326D6}.Release|iPhone.ActiveCfg = Release|Any CPU
		{E1E9D8BF-AB88-45B9-9E21-5CF98AD326D6}.Release|iPhone.Build.0 = Release|Any CPU
		{E1E9D8BF-AB88-45B9-9E21-5CF98AD326D6}.Release|iPhone.Deploy.0 = Release|Any CPU
		{E1E9D8BF-AB88-45B9-9E21-5CF98AD326D6}.Release|iPhoneSimulator.ActiveCfg = Release|Any CPU
		{E1E9D8BF-AB88-45B9-9E21-5CF98AD326D6}.Release|iPhoneSimulator.Build.0 = Release|Any CPU
		{E1E9D8BF-AB88-45B9-9E21-5CF98AD326D6}.Release|iPhoneSimulator.Deploy.0 = Release|Any CPU
		{E1E9D8BF-AB88-45B9-9E21-5CF98AD326D6}.Release|x64.ActiveCfg = Release|Any CPU
		{E1E9D8BF-AB88-45B9-9E21-5CF98AD326D6}.Release|x64.Build.0 = Release|Any CPU
		{E1E9D8BF-AB88-45B9-9E21-5CF98AD326D6}.Release|x64.Deploy.0 = Release|Any CPU
		{E1E9D8BF-AB88-45B9-9E21-5CF98AD326D6}.Release|x86.ActiveCfg = Release|Any CPU
		{E1E9D8BF-AB88-45B9-9E21-5CF98AD326D6}.Release|x86.Build.0 = Release|Any CPU
		{E1E9D8BF-AB88-45B9-9E21-5CF98AD326D6}.Release|x86.Deploy.0 = Release|Any CPU
		{EA1B3A1A-9E0F-478F-879B-B3CCB6AFED95}.Ad-Hoc|Any CPU.ActiveCfg = Ad-Hoc|iPhone
		{EA1B3A1A-9E0F-478F-879B-B3CCB6AFED95}.Ad-Hoc|ARM.ActiveCfg = Ad-Hoc|iPhone
		{EA1B3A1A-9E0F-478F-879B-B3CCB6AFED95}.Ad-Hoc|iPhone.ActiveCfg = Ad-Hoc|iPhone
		{EA1B3A1A-9E0F-478F-879B-B3CCB6AFED95}.Ad-Hoc|iPhone.Build.0 = Ad-Hoc|iPhone
		{EA1B3A1A-9E0F-478F-879B-B3CCB6AFED95}.Ad-Hoc|iPhoneSimulator.ActiveCfg = Ad-Hoc|iPhoneSimulator
		{EA1B3A1A-9E0F-478F-879B-B3CCB6AFED95}.Ad-Hoc|iPhoneSimulator.Build.0 = Ad-Hoc|iPhoneSimulator
		{EA1B3A1A-9E0F-478F-879B-B3CCB6AFED95}.Ad-Hoc|x64.ActiveCfg = Ad-Hoc|iPhone
		{EA1B3A1A-9E0F-478F-879B-B3CCB6AFED95}.Ad-Hoc|x86.ActiveCfg = Ad-Hoc|iPhone
		{EA1B3A1A-9E0F-478F-879B-B3CCB6AFED95}.AppStore|Any CPU.ActiveCfg = AppStore|iPhone
		{EA1B3A1A-9E0F-478F-879B-B3CCB6AFED95}.AppStore|ARM.ActiveCfg = AppStore|iPhone
		{EA1B3A1A-9E0F-478F-879B-B3CCB6AFED95}.AppStore|iPhone.ActiveCfg = AppStore|iPhone
		{EA1B3A1A-9E0F-478F-879B-B3CCB6AFED95}.AppStore|iPhone.Build.0 = AppStore|iPhone
		{EA1B3A1A-9E0F-478F-879B-B3CCB6AFED95}.AppStore|iPhoneSimulator.ActiveCfg = AppStore|iPhoneSimulator
		{EA1B3A1A-9E0F-478F-879B-B3CCB6AFED95}.AppStore|iPhoneSimulator.Build.0 = AppStore|iPhoneSimulator
		{EA1B3A1A-9E0F-478F-879B-B3CCB6AFED95}.AppStore|x64.ActiveCfg = AppStore|iPhone
		{EA1B3A1A-9E0F-478F-879B-B3CCB6AFED95}.AppStore|x86.ActiveCfg = AppStore|iPhone
		{EA1B3A1A-9E0F-478F-879B-B3CCB6AFED95}.Debug|Any CPU.ActiveCfg = Debug|iPhone
		{EA1B3A1A-9E0F-478F-879B-B3CCB6AFED95}.Debug|ARM.ActiveCfg = Debug|iPhone
		{EA1B3A1A-9E0F-478F-879B-B3CCB6AFED95}.Debug|iPhone.ActiveCfg = Debug|iPhone
		{EA1B3A1A-9E0F-478F-879B-B3CCB6AFED95}.Debug|iPhone.Build.0 = Debug|iPhone
		{EA1B3A1A-9E0F-478F-879B-B3CCB6AFED95}.Debug|iPhoneSimulator.ActiveCfg = Debug|iPhoneSimulator
		{EA1B3A1A-9E0F-478F-879B-B3CCB6AFED95}.Debug|iPhoneSimulator.Build.0 = Debug|iPhoneSimulator
		{EA1B3A1A-9E0F-478F-879B-B3CCB6AFED95}.Debug|x64.ActiveCfg = Debug|iPhone
		{EA1B3A1A-9E0F-478F-879B-B3CCB6AFED95}.Debug|x86.ActiveCfg = Debug|iPhone
		{EA1B3A1A-9E0F-478F-879B-B3CCB6AFED95}.Release|Any CPU.ActiveCfg = Release|iPhone
		{EA1B3A1A-9E0F-478F-879B-B3CCB6AFED95}.Release|ARM.ActiveCfg = Release|iPhone
		{EA1B3A1A-9E0F-478F-879B-B3CCB6AFED95}.Release|iPhone.ActiveCfg = Release|iPhone
		{EA1B3A1A-9E0F-478F-879B-B3CCB6AFED95}.Release|iPhone.Build.0 = Release|iPhone
		{EA1B3A1A-9E0F-478F-879B-B3CCB6AFED95}.Release|iPhoneSimulator.ActiveCfg = Release|iPhoneSimulator
		{EA1B3A1A-9E0F-478F-879B-B3CCB6AFED95}.Release|iPhoneSimulator.Build.0 = Release|iPhoneSimulator
		{EA1B3A1A-9E0F-478F-879B-B3CCB6AFED95}.Release|x64.ActiveCfg = Release|iPhone
		{EA1B3A1A-9E0F-478F-879B-B3CCB6AFED95}.Release|x86.ActiveCfg = Release|iPhone
		{123455FC-A821-4CA6-8D52-952C4ED0B6BE}.Ad-Hoc|Any CPU.ActiveCfg = Release|Any CPU
		{123455FC-A821-4CA6-8D52-952C4ED0B6BE}.Ad-Hoc|Any CPU.Build.0 = Release|Any CPU
		{123455FC-A821-4CA6-8D52-952C4ED0B6BE}.Ad-Hoc|Any CPU.Deploy.0 = Release|Any CPU
		{123455FC-A821-4CA6-8D52-952C4ED0B6BE}.Ad-Hoc|ARM.ActiveCfg = Release|ARM
		{123455FC-A821-4CA6-8D52-952C4ED0B6BE}.Ad-Hoc|ARM.Build.0 = Release|ARM
		{123455FC-A821-4CA6-8D52-952C4ED0B6BE}.Ad-Hoc|ARM.Deploy.0 = Release|ARM
		{123455FC-A821-4CA6-8D52-952C4ED0B6BE}.Ad-Hoc|iPhone.ActiveCfg = Release|Any CPU
		{123455FC-A821-4CA6-8D52-952C4ED0B6BE}.Ad-Hoc|iPhone.Build.0 = Release|Any CPU
		{123455FC-A821-4CA6-8D52-952C4ED0B6BE}.Ad-Hoc|iPhone.Deploy.0 = Release|Any CPU
		{123455FC-A821-4CA6-8D52-952C4ED0B6BE}.Ad-Hoc|iPhoneSimulator.ActiveCfg = Release|Any CPU
		{123455FC-A821-4CA6-8D52-952C4ED0B6BE}.Ad-Hoc|iPhoneSimulator.Build.0 = Release|Any CPU
		{123455FC-A821-4CA6-8D52-952C4ED0B6BE}.Ad-Hoc|iPhoneSimulator.Deploy.0 = Release|Any CPU
		{123455FC-A821-4CA6-8D52-952C4ED0B6BE}.Ad-Hoc|x64.ActiveCfg = Release|Any CPU
		{123455FC-A821-4CA6-8D52-952C4ED0B6BE}.Ad-Hoc|x64.Build.0 = Release|Any CPU
		{123455FC-A821-4CA6-8D52-952C4ED0B6BE}.Ad-Hoc|x64.Deploy.0 = Release|Any CPU
		{123455FC-A821-4CA6-8D52-952C4ED0B6BE}.Ad-Hoc|x86.ActiveCfg = Release|x86
		{123455FC-A821-4CA6-8D52-952C4ED0B6BE}.Ad-Hoc|x86.Build.0 = Release|x86
		{123455FC-A821-4CA6-8D52-952C4ED0B6BE}.Ad-Hoc|x86.Deploy.0 = Release|x86
		{123455FC-A821-4CA6-8D52-952C4ED0B6BE}.AppStore|Any CPU.ActiveCfg = Release|Any CPU
		{123455FC-A821-4CA6-8D52-952C4ED0B6BE}.AppStore|Any CPU.Build.0 = Release|Any CPU
		{123455FC-A821-4CA6-8D52-952C4ED0B6BE}.AppStore|Any CPU.Deploy.0 = Release|Any CPU
		{123455FC-A821-4CA6-8D52-952C4ED0B6BE}.AppStore|ARM.ActiveCfg = Release|ARM
		{123455FC-A821-4CA6-8D52-952C4ED0B6BE}.AppStore|ARM.Build.0 = Release|ARM
		{123455FC-A821-4CA6-8D52-952C4ED0B6BE}.AppStore|ARM.Deploy.0 = Release|ARM
		{123455FC-A821-4CA6-8D52-952C4ED0B6BE}.AppStore|iPhone.ActiveCfg = Release|Any CPU
		{123455FC-A821-4CA6-8D52-952C4ED0B6BE}.AppStore|iPhone.Build.0 = Release|Any CPU
		{123455FC-A821-4CA6-8D52-952C4ED0B6BE}.AppStore|iPhone.Deploy.0 = Release|Any CPU
		{123455FC-A821-4CA6-8D52-952C4ED0B6BE}.AppStore|iPhoneSimulator.ActiveCfg = Release|Any CPU
		{123455FC-A821-4CA6-8D52-952C4ED0B6BE}.AppStore|iPhoneSimulator.Build.0 = Release|Any CPU
		{123455FC-A821-4CA6-8D52-952C4ED0B6BE}.AppStore|iPhoneSimulator.Deploy.0 = Release|Any CPU
		{123455FC-A821-4CA6-8D52-952C4ED0B6BE}.AppStore|x64.ActiveCfg = Release|Any CPU
		{123455FC-A821-4CA6-8D52-952C4ED0B6BE}.AppStore|x64.Build.0 = Release|Any CPU
		{123455FC-A821-4CA6-8D52-952C4ED0B6BE}.AppStore|x64.Deploy.0 = Release|Any CPU
		{123455FC-A821-4CA6-8D52-952C4ED0B6BE}.AppStore|x86.ActiveCfg = Release|x86
		{123455FC-A821-4CA6-8D52-952C4ED0B6BE}.AppStore|x86.Build.0 = Release|x86
		{123455FC-A821-4CA6-8D52-952C4ED0B6BE}.AppStore|x86.Deploy.0 = Release|x86
		{123455FC-A821-4CA6-8D52-952C4ED0B6BE}.Debug|Any CPU.ActiveCfg = Debug|Any CPU
		{123455FC-A821-4CA6-8D52-952C4ED0B6BE}.Debug|Any CPU.Build.0 = Debug|Any CPU
		{123455FC-A821-4CA6-8D52-952C4ED0B6BE}.Debug|Any CPU.Deploy.0 = Debug|Any CPU
		{123455FC-A821-4CA6-8D52-952C4ED0B6BE}.Debug|ARM.ActiveCfg = Debug|ARM
		{123455FC-A821-4CA6-8D52-952C4ED0B6BE}.Debug|ARM.Build.0 = Debug|ARM
		{123455FC-A821-4CA6-8D52-952C4ED0B6BE}.Debug|ARM.Deploy.0 = Debug|ARM
		{123455FC-A821-4CA6-8D52-952C4ED0B6BE}.Debug|iPhone.ActiveCfg = Debug|Any CPU
		{123455FC-A821-4CA6-8D52-952C4ED0B6BE}.Debug|iPhone.Build.0 = Debug|Any CPU
		{123455FC-A821-4CA6-8D52-952C4ED0B6BE}.Debug|iPhone.Deploy.0 = Debug|Any CPU
		{123455FC-A821-4CA6-8D52-952C4ED0B6BE}.Debug|iPhoneSimulator.ActiveCfg = Debug|Any CPU
		{123455FC-A821-4CA6-8D52-952C4ED0B6BE}.Debug|iPhoneSimulator.Build.0 = Debug|Any CPU
		{123455FC-A821-4CA6-8D52-952C4ED0B6BE}.Debug|iPhoneSimulator.Deploy.0 = Debug|Any CPU
		{123455FC-A821-4CA6-8D52-952C4ED0B6BE}.Debug|x64.ActiveCfg = Debug|Any CPU
		{123455FC-A821-4CA6-8D52-952C4ED0B6BE}.Debug|x64.Build.0 = Debug|Any CPU
		{123455FC-A821-4CA6-8D52-952C4ED0B6BE}.Debug|x64.Deploy.0 = Debug|Any CPU
		{123455FC-A821-4CA6-8D52-952C4ED0B6BE}.Debug|x86.ActiveCfg = Debug|x86
		{123455FC-A821-4CA6-8D52-952C4ED0B6BE}.Debug|x86.Build.0 = Debug|x86
		{123455FC-A821-4CA6-8D52-952C4ED0B6BE}.Debug|x86.Deploy.0 = Debug|x86
		{123455FC-A821-4CA6-8D52-952C4ED0B6BE}.Release|Any CPU.ActiveCfg = Release|Any CPU
		{123455FC-A821-4CA6-8D52-952C4ED0B6BE}.Release|Any CPU.Build.0 = Release|Any CPU
		{123455FC-A821-4CA6-8D52-952C4ED0B6BE}.Release|Any CPU.Deploy.0 = Release|Any CPU
		{123455FC-A821-4CA6-8D52-952C4ED0B6BE}.Release|ARM.ActiveCfg = Release|ARM
		{123455FC-A821-4CA6-8D52-952C4ED0B6BE}.Release|ARM.Build.0 = Release|ARM
		{123455FC-A821-4CA6-8D52-952C4ED0B6BE}.Release|ARM.Deploy.0 = Release|ARM
		{123455FC-A821-4CA6-8D52-952C4ED0B6BE}.Release|iPhone.ActiveCfg = Release|Any CPU
		{123455FC-A821-4CA6-8D52-952C4ED0B6BE}.Release|iPhone.Build.0 = Release|Any CPU
		{123455FC-A821-4CA6-8D52-952C4ED0B6BE}.Release|iPhone.Deploy.0 = Release|Any CPU
		{123455FC-A821-4CA6-8D52-952C4ED0B6BE}.Release|iPhoneSimulator.ActiveCfg = Release|Any CPU
		{123455FC-A821-4CA6-8D52-952C4ED0B6BE}.Release|iPhoneSimulator.Build.0 = Release|Any CPU
		{123455FC-A821-4CA6-8D52-952C4ED0B6BE}.Release|iPhoneSimulator.Deploy.0 = Release|Any CPU
		{123455FC-A821-4CA6-8D52-952C4ED0B6BE}.Release|x64.ActiveCfg = Release|Any CPU
		{123455FC-A821-4CA6-8D52-952C4ED0B6BE}.Release|x64.Build.0 = Release|Any CPU
		{123455FC-A821-4CA6-8D52-952C4ED0B6BE}.Release|x64.Deploy.0 = Release|Any CPU
		{123455FC-A821-4CA6-8D52-952C4ED0B6BE}.Release|x86.ActiveCfg = Release|x86
		{123455FC-A821-4CA6-8D52-952C4ED0B6BE}.Release|x86.Build.0 = Release|x86
		{123455FC-A821-4CA6-8D52-952C4ED0B6BE}.Release|x86.Deploy.0 = Release|x86
		{800699B6-C036-4699-9955-C3F9AFCF2040}.Ad-Hoc|Any CPU.ActiveCfg = Release|x86
		{800699B6-C036-4699-9955-C3F9AFCF2040}.Ad-Hoc|Any CPU.Build.0 = Release|x86
		{800699B6-C036-4699-9955-C3F9AFCF2040}.Ad-Hoc|Any CPU.Deploy.0 = Release|x86
		{800699B6-C036-4699-9955-C3F9AFCF2040}.Ad-Hoc|ARM.ActiveCfg = Release|ARM
		{800699B6-C036-4699-9955-C3F9AFCF2040}.Ad-Hoc|ARM.Build.0 = Release|ARM
		{800699B6-C036-4699-9955-C3F9AFCF2040}.Ad-Hoc|ARM.Deploy.0 = Release|ARM
		{800699B6-C036-4699-9955-C3F9AFCF2040}.Ad-Hoc|iPhone.ActiveCfg = Release|x86
		{800699B6-C036-4699-9955-C3F9AFCF2040}.Ad-Hoc|iPhone.Build.0 = Release|x86
		{800699B6-C036-4699-9955-C3F9AFCF2040}.Ad-Hoc|iPhone.Deploy.0 = Release|x86
		{800699B6-C036-4699-9955-C3F9AFCF2040}.Ad-Hoc|iPhoneSimulator.ActiveCfg = Release|x86
		{800699B6-C036-4699-9955-C3F9AFCF2040}.Ad-Hoc|iPhoneSimulator.Build.0 = Release|x86
		{800699B6-C036-4699-9955-C3F9AFCF2040}.Ad-Hoc|iPhoneSimulator.Deploy.0 = Release|x86
		{800699B6-C036-4699-9955-C3F9AFCF2040}.Ad-Hoc|x64.ActiveCfg = Release|x64
		{800699B6-C036-4699-9955-C3F9AFCF2040}.Ad-Hoc|x64.Build.0 = Release|x64
		{800699B6-C036-4699-9955-C3F9AFCF2040}.Ad-Hoc|x64.Deploy.0 = Release|x64
		{800699B6-C036-4699-9955-C3F9AFCF2040}.Ad-Hoc|x86.ActiveCfg = Release|x86
		{800699B6-C036-4699-9955-C3F9AFCF2040}.Ad-Hoc|x86.Build.0 = Release|x86
		{800699B6-C036-4699-9955-C3F9AFCF2040}.Ad-Hoc|x86.Deploy.0 = Release|x86
		{800699B6-C036-4699-9955-C3F9AFCF2040}.AppStore|Any CPU.ActiveCfg = Release|x86
		{800699B6-C036-4699-9955-C3F9AFCF2040}.AppStore|Any CPU.Build.0 = Release|x86
		{800699B6-C036-4699-9955-C3F9AFCF2040}.AppStore|Any CPU.Deploy.0 = Release|x86
		{800699B6-C036-4699-9955-C3F9AFCF2040}.AppStore|ARM.ActiveCfg = Release|ARM
		{800699B6-C036-4699-9955-C3F9AFCF2040}.AppStore|ARM.Build.0 = Release|ARM
		{800699B6-C036-4699-9955-C3F9AFCF2040}.AppStore|ARM.Deploy.0 = Release|ARM
		{800699B6-C036-4699-9955-C3F9AFCF2040}.AppStore|iPhone.ActiveCfg = Release|x86
		{800699B6-C036-4699-9955-C3F9AFCF2040}.AppStore|iPhone.Build.0 = Release|x86
		{800699B6-C036-4699-9955-C3F9AFCF2040}.AppStore|iPhone.Deploy.0 = Release|x86
		{800699B6-C036-4699-9955-C3F9AFCF2040}.AppStore|iPhoneSimulator.ActiveCfg = Release|x86
		{800699B6-C036-4699-9955-C3F9AFCF2040}.AppStore|iPhoneSimulator.Build.0 = Release|x86
		{800699B6-C036-4699-9955-C3F9AFCF2040}.AppStore|iPhoneSimulator.Deploy.0 = Release|x86
		{800699B6-C036-4699-9955-C3F9AFCF2040}.AppStore|x64.ActiveCfg = Release|x64
		{800699B6-C036-4699-9955-C3F9AFCF2040}.AppStore|x64.Build.0 = Release|x64
		{800699B6-C036-4699-9955-C3F9AFCF2040}.AppStore|x64.Deploy.0 = Release|x64
		{800699B6-C036-4699-9955-C3F9AFCF2040}.AppStore|x86.ActiveCfg = Release|x86
		{800699B6-C036-4699-9955-C3F9AFCF2040}.AppStore|x86.Build.0 = Release|x86
		{800699B6-C036-4699-9955-C3F9AFCF2040}.AppStore|x86.Deploy.0 = Release|x86
		{800699B6-C036-4699-9955-C3F9AFCF2040}.Debug|Any CPU.ActiveCfg = Debug|x86
		{800699B6-C036-4699-9955-C3F9AFCF2040}.Debug|ARM.ActiveCfg = Debug|ARM
		{800699B6-C036-4699-9955-C3F9AFCF2040}.Debug|ARM.Build.0 = Debug|ARM
		{800699B6-C036-4699-9955-C3F9AFCF2040}.Debug|ARM.Deploy.0 = Debug|ARM
		{800699B6-C036-4699-9955-C3F9AFCF2040}.Debug|iPhone.ActiveCfg = Debug|x86
		{800699B6-C036-4699-9955-C3F9AFCF2040}.Debug|iPhoneSimulator.ActiveCfg = Debug|x86
		{800699B6-C036-4699-9955-C3F9AFCF2040}.Debug|x64.ActiveCfg = Debug|x64
		{800699B6-C036-4699-9955-C3F9AFCF2040}.Debug|x64.Build.0 = Debug|x64
		{800699B6-C036-4699-9955-C3F9AFCF2040}.Debug|x64.Deploy.0 = Debug|x64
		{800699B6-C036-4699-9955-C3F9AFCF2040}.Debug|x86.ActiveCfg = Debug|x86
		{800699B6-C036-4699-9955-C3F9AFCF2040}.Debug|x86.Build.0 = Debug|x86
		{800699B6-C036-4699-9955-C3F9AFCF2040}.Debug|x86.Deploy.0 = Debug|x86
		{800699B6-C036-4699-9955-C3F9AFCF2040}.Release|Any CPU.ActiveCfg = Release|x86
		{800699B6-C036-4699-9955-C3F9AFCF2040}.Release|ARM.ActiveCfg = Release|ARM
		{800699B6-C036-4699-9955-C3F9AFCF2040}.Release|ARM.Build.0 = Release|ARM
		{800699B6-C036-4699-9955-C3F9AFCF2040}.Release|ARM.Deploy.0 = Release|ARM
		{800699B6-C036-4699-9955-C3F9AFCF2040}.Release|iPhone.ActiveCfg = Release|x86
		{800699B6-C036-4699-9955-C3F9AFCF2040}.Release|iPhoneSimulator.ActiveCfg = Release|x86
		{800699B6-C036-4699-9955-C3F9AFCF2040}.Release|x64.ActiveCfg = Release|x64
		{800699B6-C036-4699-9955-C3F9AFCF2040}.Release|x64.Build.0 = Release|x64
		{800699B6-C036-4699-9955-C3F9AFCF2040}.Release|x64.Deploy.0 = Release|x64
		{800699B6-C036-4699-9955-C3F9AFCF2040}.Release|x86.ActiveCfg = Release|x86
		{800699B6-C036-4699-9955-C3F9AFCF2040}.Release|x86.Build.0 = Release|x86
		{800699B6-C036-4699-9955-C3F9AFCF2040}.Release|x86.Deploy.0 = Release|x86
		{F59C3B9A-6622-4015-B300-93CC9CBDF992}.Ad-Hoc|Any CPU.ActiveCfg = Release|Any CPU
		{F59C3B9A-6622-4015-B300-93CC9CBDF992}.Ad-Hoc|Any CPU.Build.0 = Release|Any CPU
		{F59C3B9A-6622-4015-B300-93CC9CBDF992}.Ad-Hoc|Any CPU.Deploy.0 = Release|Any CPU
		{F59C3B9A-6622-4015-B300-93CC9CBDF992}.Ad-Hoc|ARM.ActiveCfg = Release|ARM
		{F59C3B9A-6622-4015-B300-93CC9CBDF992}.Ad-Hoc|ARM.Build.0 = Release|ARM
		{F59C3B9A-6622-4015-B300-93CC9CBDF992}.Ad-Hoc|ARM.Deploy.0 = Release|ARM
		{F59C3B9A-6622-4015-B300-93CC9CBDF992}.Ad-Hoc|iPhone.ActiveCfg = Release|Any CPU
		{F59C3B9A-6622-4015-B300-93CC9CBDF992}.Ad-Hoc|iPhone.Build.0 = Release|Any CPU
		{F59C3B9A-6622-4015-B300-93CC9CBDF992}.Ad-Hoc|iPhone.Deploy.0 = Release|Any CPU
		{F59C3B9A-6622-4015-B300-93CC9CBDF992}.Ad-Hoc|iPhoneSimulator.ActiveCfg = Release|Any CPU
		{F59C3B9A-6622-4015-B300-93CC9CBDF992}.Ad-Hoc|iPhoneSimulator.Build.0 = Release|Any CPU
		{F59C3B9A-6622-4015-B300-93CC9CBDF992}.Ad-Hoc|iPhoneSimulator.Deploy.0 = Release|Any CPU
		{F59C3B9A-6622-4015-B300-93CC9CBDF992}.Ad-Hoc|x64.ActiveCfg = Release|x64
		{F59C3B9A-6622-4015-B300-93CC9CBDF992}.Ad-Hoc|x64.Build.0 = Release|x64
		{F59C3B9A-6622-4015-B300-93CC9CBDF992}.Ad-Hoc|x64.Deploy.0 = Release|x64
		{F59C3B9A-6622-4015-B300-93CC9CBDF992}.Ad-Hoc|x86.ActiveCfg = Release|x86
		{F59C3B9A-6622-4015-B300-93CC9CBDF992}.Ad-Hoc|x86.Build.0 = Release|x86
		{F59C3B9A-6622-4015-B300-93CC9CBDF992}.Ad-Hoc|x86.Deploy.0 = Release|x86
		{F59C3B9A-6622-4015-B300-93CC9CBDF992}.AppStore|Any CPU.ActiveCfg = Release|Any CPU
		{F59C3B9A-6622-4015-B300-93CC9CBDF992}.AppStore|Any CPU.Build.0 = Release|Any CPU
		{F59C3B9A-6622-4015-B300-93CC9CBDF992}.AppStore|Any CPU.Deploy.0 = Release|Any CPU
		{F59C3B9A-6622-4015-B300-93CC9CBDF992}.AppStore|ARM.ActiveCfg = Release|ARM
		{F59C3B9A-6622-4015-B300-93CC9CBDF992}.AppStore|ARM.Build.0 = Release|ARM
		{F59C3B9A-6622-4015-B300-93CC9CBDF992}.AppStore|ARM.Deploy.0 = Release|ARM
		{F59C3B9A-6622-4015-B300-93CC9CBDF992}.AppStore|iPhone.ActiveCfg = Release|Any CPU
		{F59C3B9A-6622-4015-B300-93CC9CBDF992}.AppStore|iPhone.Build.0 = Release|Any CPU
		{F59C3B9A-6622-4015-B300-93CC9CBDF992}.AppStore|iPhone.Deploy.0 = Release|Any CPU
		{F59C3B9A-6622-4015-B300-93CC9CBDF992}.AppStore|iPhoneSimulator.ActiveCfg = Release|Any CPU
		{F59C3B9A-6622-4015-B300-93CC9CBDF992}.AppStore|iPhoneSimulator.Build.0 = Release|Any CPU
		{F59C3B9A-6622-4015-B300-93CC9CBDF992}.AppStore|iPhoneSimulator.Deploy.0 = Release|Any CPU
		{F59C3B9A-6622-4015-B300-93CC9CBDF992}.AppStore|x64.ActiveCfg = Release|x64
		{F59C3B9A-6622-4015-B300-93CC9CBDF992}.AppStore|x64.Build.0 = Release|x64
		{F59C3B9A-6622-4015-B300-93CC9CBDF992}.AppStore|x64.Deploy.0 = Release|x64
		{F59C3B9A-6622-4015-B300-93CC9CBDF992}.AppStore|x86.ActiveCfg = Release|x86
		{F59C3B9A-6622-4015-B300-93CC9CBDF992}.AppStore|x86.Build.0 = Release|x86
		{F59C3B9A-6622-4015-B300-93CC9CBDF992}.AppStore|x86.Deploy.0 = Release|x86
		{F59C3B9A-6622-4015-B300-93CC9CBDF992}.Debug|Any CPU.ActiveCfg = Debug|Any CPU
		{F59C3B9A-6622-4015-B300-93CC9CBDF992}.Debug|Any CPU.Build.0 = Debug|Any CPU
		{F59C3B9A-6622-4015-B300-93CC9CBDF992}.Debug|Any CPU.Deploy.0 = Debug|Any CPU
		{F59C3B9A-6622-4015-B300-93CC9CBDF992}.Debug|ARM.ActiveCfg = Debug|ARM
		{F59C3B9A-6622-4015-B300-93CC9CBDF992}.Debug|ARM.Build.0 = Debug|ARM
		{F59C3B9A-6622-4015-B300-93CC9CBDF992}.Debug|ARM.Deploy.0 = Debug|ARM
		{F59C3B9A-6622-4015-B300-93CC9CBDF992}.Debug|iPhone.ActiveCfg = Debug|Any CPU
		{F59C3B9A-6622-4015-B300-93CC9CBDF992}.Debug|iPhone.Build.0 = Debug|Any CPU
		{F59C3B9A-6622-4015-B300-93CC9CBDF992}.Debug|iPhone.Deploy.0 = Debug|Any CPU
		{F59C3B9A-6622-4015-B300-93CC9CBDF992}.Debug|iPhoneSimulator.ActiveCfg = Debug|Any CPU
		{F59C3B9A-6622-4015-B300-93CC9CBDF992}.Debug|iPhoneSimulator.Build.0 = Debug|Any CPU
		{F59C3B9A-6622-4015-B300-93CC9CBDF992}.Debug|iPhoneSimulator.Deploy.0 = Debug|Any CPU
		{F59C3B9A-6622-4015-B300-93CC9CBDF992}.Debug|x64.ActiveCfg = Debug|x64
		{F59C3B9A-6622-4015-B300-93CC9CBDF992}.Debug|x64.Build.0 = Debug|x64
		{F59C3B9A-6622-4015-B300-93CC9CBDF992}.Debug|x64.Deploy.0 = Debug|x64
		{F59C3B9A-6622-4015-B300-93CC9CBDF992}.Debug|x86.ActiveCfg = Debug|x86
		{F59C3B9A-6622-4015-B300-93CC9CBDF992}.Debug|x86.Build.0 = Debug|x86
		{F59C3B9A-6622-4015-B300-93CC9CBDF992}.Debug|x86.Deploy.0 = Debug|x86
		{F59C3B9A-6622-4015-B300-93CC9CBDF992}.Release|Any CPU.ActiveCfg = Release|Any CPU
		{F59C3B9A-6622-4015-B300-93CC9CBDF992}.Release|Any CPU.Build.0 = Release|Any CPU
		{F59C3B9A-6622-4015-B300-93CC9CBDF992}.Release|Any CPU.Deploy.0 = Release|Any CPU
		{F59C3B9A-6622-4015-B300-93CC9CBDF992}.Release|ARM.ActiveCfg = Release|ARM
		{F59C3B9A-6622-4015-B300-93CC9CBDF992}.Release|ARM.Build.0 = Release|ARM
		{F59C3B9A-6622-4015-B300-93CC9CBDF992}.Release|ARM.Deploy.0 = Release|ARM
		{F59C3B9A-6622-4015-B300-93CC9CBDF992}.Release|iPhone.ActiveCfg = Release|Any CPU
		{F59C3B9A-6622-4015-B300-93CC9CBDF992}.Release|iPhone.Build.0 = Release|Any CPU
		{F59C3B9A-6622-4015-B300-93CC9CBDF992}.Release|iPhone.Deploy.0 = Release|Any CPU
		{F59C3B9A-6622-4015-B300-93CC9CBDF992}.Release|iPhoneSimulator.ActiveCfg = Release|Any CPU
		{F59C3B9A-6622-4015-B300-93CC9CBDF992}.Release|iPhoneSimulator.Build.0 = Release|Any CPU
		{F59C3B9A-6622-4015-B300-93CC9CBDF992}.Release|iPhoneSimulator.Deploy.0 = Release|Any CPU
		{F59C3B9A-6622-4015-B300-93CC9CBDF992}.Release|x64.ActiveCfg = Release|x64
		{F59C3B9A-6622-4015-B300-93CC9CBDF992}.Release|x64.Build.0 = Release|x64
		{F59C3B9A-6622-4015-B300-93CC9CBDF992}.Release|x64.Deploy.0 = Release|x64
		{F59C3B9A-6622-4015-B300-93CC9CBDF992}.Release|x86.ActiveCfg = Release|x86
		{F59C3B9A-6622-4015-B300-93CC9CBDF992}.Release|x86.Build.0 = Release|x86
		{F59C3B9A-6622-4015-B300-93CC9CBDF992}.Release|x86.Deploy.0 = Release|x86
	EndGlobalSection
	GlobalSection(SolutionProperties) = preSolution
		HideSolutionNode = FALSE
	EndGlobalSection
EndGlobal
